schema: '2.0'
stages:
  data_ingestion:
    cmd: python src/data/data_ingestion.py
    deps:
    - path: src/data/data_ingestion.py
      hash: md5
      md5: 767e7ea0d2f96011d37c5ddb13fdc33d
      size: 3570
    params:
      params.yaml:
        data_ingestion.test_size: 0.3
    outs:
    - path: data/raw
      hash: md5
      md5: 3b1dad6f82632c98b34622e49f608476.dir
      size: 649243
      nfiles: 2
  data_preprocessing:
    cmd: python src/data/data_preprocessing.py
    deps:
    - path: data/raw
      hash: md5
      md5: 3b1dad6f82632c98b34622e49f608476.dir
      size: 649243
      nfiles: 2
    - path: src/data/data_preprocessing.py
      hash: md5
      md5: a0d0986f1695b3e851d0f37dad4451b8
      size: 2909
    outs:
    - path: data/interim
      hash: md5
      md5: ca78ed5dc3b261e16975b0f3f54840b0.dir
      size: 401269
      nfiles: 2
  feature_engineering:
    cmd: python src/features/feature_engineering.py
    deps:
    - path: data/interim
      hash: md5
      md5: ca78ed5dc3b261e16975b0f3f54840b0.dir
      size: 401269
      nfiles: 2
    - path: src/features/feature_engineering.py
      hash: md5
      md5: cfaf71fa8bd1fae8af5abc3cbbe3387b
      size: 3447
    params:
      params.yaml:
        feature_engineering.max_features: 10000
    outs:
    - path: data/processed
      hash: md5
      md5: aa812f11938a198adb3c23e0f9b81fba.dir
      size: 8924773
      nfiles: 2
    - path: models/vectorizer.pkl
      hash: md5
      md5: efb6afb2d417d639ef56854d5dbaa78c
      size: 256202
  train_and_evaluate:
    cmd: python src/model/train_and_evaluate.py
    deps:
    - path: data/processed
      hash: md5
      md5: aa812f11938a198adb3c23e0f9b81fba.dir
      size: 8924773
      nfiles: 2
    - path: models/vectorizer.pkl
      hash: md5
      md5: efb6afb2d417d639ef56854d5dbaa78c
      size: 256202
    - path: params.yaml
      hash: md5
      md5: f007c43fc42cc54f0cdf6d9e67c4b05d
      size: 206
    - path: src/model/train_and_evaluate.py
      hash: md5
      md5: d1688e99a065cd59187fa5751b287456
      size: 6363
    outs:
    - path: models/model.pkl
      hash: md5
      md5: 59f71660d8a61e4273f5dd8622561847
      size: 71431
    - path: reports/experiment_info.json
      hash: md5
      md5: e0eaacc1aa9adcb7e62b04bb796d9cd6
      size: 145
    - path: reports/metrics.json
      hash: md5
      md5: ea55f176540e7cdf7e0371b761917e01
      size: 145
