schema: '2.0'
stages:
  data_ingestion:
    cmd: python src/data/data_ingestion.py
    deps:
    - path: src/data/data_ingestion.py
      hash: md5
      md5: 767e7ea0d2f96011d37c5ddb13fdc33d
      size: 3570
    params:
      params.yaml:
        data_ingestion.test_size: 0.3
    outs:
    - path: data/raw
      hash: md5
      md5: 3b1dad6f82632c98b34622e49f608476.dir
      size: 649243
      nfiles: 2
  data_preprocessing:
    cmd: python src/data/data_preprocessing.py
    deps:
    - path: data/raw
      hash: md5
      md5: 3b1dad6f82632c98b34622e49f608476.dir
      size: 649243
      nfiles: 2
    - path: src/data/data_preprocessing.py
      hash: md5
      md5: a0d0986f1695b3e851d0f37dad4451b8
      size: 2909
    outs:
    - path: data/interim
      hash: md5
      md5: ca78ed5dc3b261e16975b0f3f54840b0.dir
      size: 401269
      nfiles: 2
  feature_engineering:
    cmd: python src/features/feature_engineering.py
    deps:
    - path: data/interim
      hash: md5
      md5: ca78ed5dc3b261e16975b0f3f54840b0.dir
      size: 401269
      nfiles: 2
    - path: src/features/feature_engineering.py
      hash: md5
      md5: cfaf71fa8bd1fae8af5abc3cbbe3387b
      size: 3447
    params:
      params.yaml:
        feature_engineering.max_features: 20
    outs:
    - path: data/processed
      hash: md5
      md5: 26b20ae5575310b879aaa1b7e9fce71a.dir
      size: 21702
      nfiles: 2
    - path: models/vectorizer.pkl
      hash: md5
      md5: d4d536efd6c0825ba51529cfb0be33ef
      size: 1071
  train_and_evaluate:
    cmd: python src/model/train_and_evaluate.py
    deps:
    - path: data/processed
      hash: md5
      md5: 8921687d44f532d98b5f48d8436c5557.dir
      size: 51883
      nfiles: 2
    - path: models/vectorizer.pkl
      hash: md5
      md5: 0879bbdc17e384569a83c8e5b6d764d5
      size: 1864
    - path: params.yaml
      hash: md5
      md5: 78eaf87b7fd8ead09163e946a6057049
      size: 202
    - path: src/model/train_and_evaluate.py
      hash: md5
      md5: 58d30d45155639da4b241d07ae8ea8b3
      size: 5719
    outs:
    - path: models/model.pkl
      hash: md5
      md5: 4de61f9c7814d21b6a50e15ab6d601ec
      size: 1124
    - path: reports/experiment_info.json
      hash: md5
      md5: a542e3eca111ab44df4f54801cf8c8cc
      size: 144
    - path: reports/metrics.json
      hash: md5
      md5: 9636f2c728b66566361425bb0f052acc
      size: 146
